{
  "name": "brainstem-redux",
  "version": "0.0.0",
  "dependencies": {
    "js-tokens": {
      "version": "1.0.3",
      "from": "js-tokens@>=1.0.1 <2.0.0",
      "resolved": "https://registry.npmjs.org/js-tokens/-/js-tokens-1.0.3.tgz"
    },
    "lodash": {
      "version": "4.15.0",
      "from": "lodash@>=4.2.1 <5.0.0",
      "resolved": "https://registry.npmjs.org/lodash/-/lodash-4.15.0.tgz"
    },
    "lodash-es": {
      "version": "4.15.0",
      "from": "lodash-es@>=4.2.1 <5.0.0",
      "resolved": "https://registry.npmjs.org/lodash-es/-/lodash-es-4.15.0.tgz"
    },
    "loose-envify": {
      "version": "1.2.0",
      "from": "loose-envify@>=1.1.0 <2.0.0",
      "resolved": "https://registry.npmjs.org/loose-envify/-/loose-envify-1.2.0.tgz"
    },
    "redux": {
      "version": "3.5.2",
      "from": "redux@latest",
      "resolved": "https://registry.npmjs.org/redux/-/redux-3.5.2.tgz"
    },
    "symbol-observable": {
      "version": "0.2.4",
      "from": "symbol-observable@>=0.2.3 <0.3.0",
      "resolved": "https://registry.npmjs.org/symbol-observable/-/symbol-observable-0.2.4.tgz"
    }
  }
}
